
Microsoft Visual Studio Solution File, Format Version 12.00
# Visual Studio 2017
Project("{FAE04EC0-301F-11D3-BF4B-00C04F79EFBC}") = "TimeWizard", "TimeWizard.csproj", "{27484CDE-3005-8329-2861-C916FF93310C}"
EndProject
Project("{FAE04EC0-301F-11D3-BF4B-00C04F79EFBC}") = "TimeWizard.Editor", "TimeWizard.Editor.csproj", "{EEC3AC4E-7F03-726B-98F6-F24889F1EE45}"
EndProject
Global
	GlobalSection(SolutionConfigurationPlatforms) = preSolution
		Debug|Any CPU = Debug|Any CPU
		Release|Any CPU = Release|Any CPU
	EndGlobalSection
	GlobalSection(ProjectConfigurationPlatforms) = postSolution
		{27484CDE-3005-8329-2861-C916FF93310C}.Debug|Any CPU.ActiveCfg = Debug|Any CPU
		{27484CDE-3005-8329-2861-C916FF93310C}.Debug|Any CPU.Build.0 = Debug|Any CPU
		{27484CDE-3005-8329-2861-C916FF93310C}.Release|Any CPU.ActiveCfg = Release|Any CPU
		{27484CDE-3005-8329-2861-C916FF93310C}.Release|Any CPU.Build.0 = Release|Any CPU
		{EEC3AC4E-7F03-726B-98F6-F24889F1EE45}.Debug|Any CPU.ActiveCfg = Debug|Any CPU
		{EEC3AC4E-7F03-726B-98F6-F24889F1EE45}.Debug|Any CPU.Build.0 = Debug|Any CPU
		{EEC3AC4E-7F03-726B-98F6-F24889F1EE45}.Release|Any CPU.ActiveCfg = Release|Any CPU
		{EEC3AC4E-7F03-726B-98F6-F24889F1EE45}.Release|Any CPU.Build.0 = Release|Any CPU
	EndGlobalSection
	GlobalSection(SolutionProperties) = preSolution
		HideSolutionNode = FALSE
	EndGlobalSection
EndGlobal
